
Microsoft Visual Studio Solution File, Format Version 12.00
# Visual Studio Version 17
VisualStudioVersion = 17.10.35004.147
MinimumVisualStudioVersion = 10.0.40219.1
Project("{FAE04EC0-301F-11D3-BF4B-00C04F79EFBC}") = "MessageService", "MessageService.csproj", "{31FDC5D1-AFCC-4206-BAF1-48E460A3026A}"
EndProject
Global
	GlobalSection(SolutionConfigurationPlatforms) = preSolution
		Debug|Any CPU = Debug|Any CPU
		Release|Any CPU = Release|Any CPU
	EndGlobalSection
	GlobalSection(ProjectConfigurationPlatforms) = postSolution
		{31FDC5D1-AFCC-4206-BAF1-48E460A3026A}.Debug|Any CPU.ActiveCfg = Debug|Any CPU
		{31FDC5D1-AFCC-4206-BAF1-48E460A3026A}.Debug|Any CPU.Build.0 = Debug|Any CPU
		{31FDC5D1-AFCC-4206-BAF1-48E460A3026A}.Release|Any CPU.ActiveCfg = Release|Any CPU
		{31FDC5D1-AFCC-4206-BAF1-48E460A3026A}.Release|Any CPU.Build.0 = Release|Any CPU
	EndGlobalSection
	GlobalSection(SolutionProperties) = preSolution
		HideSolutionNode = FALSE
	EndGlobalSection
	GlobalSection(ExtensibilityGlobals) = postSolution
		SolutionGuid = {40480CDC-20C0-4A30-9420-3045C416DED5}
	EndGlobalSection
EndGlobal
